// !$*UTF8*$!
{
	archiveVersion = 1;
	classes = {
	};
	objectVersion = 50;
	objects = {

/* Begin PBXBuildFile section */
		B722336F236EE6D70028F5E1 /* DrinkRow.swift in Sources */ = {isa = PBXBuildFile; fileRef = B722336E236EE6D70028F5E1 /* DrinkRow.swift */; };
		B7223371236EF2CA0028F5E1 /* DrinkDetail.swift in Sources */ = {isa = PBXBuildFile; fileRef = B7223370236EF2CA0028F5E1 /* DrinkDetail.swift */; };
		B726080F236ED8AC009002FA /* AppDelegate.swift in Sources */ = {isa = PBXBuildFile; fileRef = B726080E236ED8AC009002FA /* AppDelegate.swift */; };
		B7260811236ED8AC009002FA /* SceneDelegate.swift in Sources */ = {isa = PBXBuildFile; fileRef = B7260810236ED8AC009002FA /* SceneDelegate.swift */; };
		B7260813236ED8AC009002FA /* Home.swift in Sources */ = {isa = PBXBuildFile; fileRef = B7260812236ED8AC009002FA /* Home.swift */; };
		B7260815236ED8AD009002FA /* Assets.xcassets in Resources */ = {isa = PBXBuildFile; fileRef = B7260814236ED8AD009002FA /* Assets.xcassets */; };
		B7260818236ED8AD009002FA /* Preview Assets.xcassets in Resources */ = {isa = PBXBuildFile; fileRef = B7260817236ED8AD009002FA /* Preview Assets.xcassets */; };
		B726081B236ED8AD009002FA /* LaunchScreen.storyboard in Resources */ = {isa = PBXBuildFile; fileRef = B7260819236ED8AD009002FA /* LaunchScreen.storyboard */; };
		B7260826236ED8AD009002FA /* CoffeeAppTests.swift in Sources */ = {isa = PBXBuildFile; fileRef = B7260825236ED8AD009002FA /* CoffeeAppTests.swift */; };
		B7260831236ED8AD009002FA /* CoffeeAppUITests.swift in Sources */ = {isa = PBXBuildFile; fileRef = B7260830236ED8AD009002FA /* CoffeeAppUITests.swift */; };
		B726083F236ED8FE009002FA /* drinks.json in Resources */ = {isa = PBXBuildFile; fileRef = B726083E236ED8FE009002FA /* drinks.json */; };
		B7260841236EDDF2009002FA /* Data.swift in Sources */ = {isa = PBXBuildFile; fileRef = B7260840236EDDF2009002FA /* Data.swift */; };
		B7260843236EDFF9009002FA /* Drink.swift in Sources */ = {isa = PBXBuildFile; fileRef = B7260842236EDFF9009002FA /* Drink.swift */; };
		B7260845236EE147009002FA /* DrinkItem.swift in Sources */ = {isa = PBXBuildFile; fileRef = B7260844236EE147009002FA /* DrinkItem.swift */; };
/* End PBXBuildFile section */

/* Begin PBXContainerItemProxy section */
		B7260822236ED8AD009002FA /* PBXContainerItemProxy */ = {
			isa = PBXContainerItemProxy;
			containerPortal = B7260803236ED8AC009002FA /* Project object */;
			proxyType = 1;
			remoteGlobalIDString = B726080A236ED8AC009002FA;
			remoteInfo = CoffeeApp;
		};
		B726082D236ED8AD009002FA /* PBXContainerItemProxy */ = {
			isa = PBXContainerItemProxy;
			containerPortal = B7260803236ED8AC009002FA /* Project object */;
			proxyType = 1;
			remoteGlobalIDString = B726080A236ED8AC009002FA;
			remoteInfo = CoffeeApp;
		};
/* End PBXContainerItemProxy section */

/* Begin PBXFileReference section */
		B722336E236EE6D70028F5E1 /* DrinkRow.swift */ = {isa = PBXFileReference; lastKnownFileType = sourcecode.swift; path = DrinkRow.swift; sourceTree = "<group>"; };
		B7223370236EF2CA0028F5E1 /* DrinkDetail.swift */ = {isa = PBXFileReference; lastKnownFileType = sourcecode.swift; path = DrinkDetail.swift; sourceTree = "<group>"; };
		B726080B236ED8AC009002FA /* CoffeeApp.app */ = {isa = PBXFileReference; explicitFileType = wrapper.application; includeInIndex = 0; path = CoffeeApp.app; sourceTree = BUILT_PRODUCTS_DIR; };
		B726080E236ED8AC009002FA /* AppDelegate.swift */ = {isa = PBXFileReference; lastKnownFileType = sourcecode.swift; path = AppDelegate.swift; sourceTree = "<group>"; };
		B7260810236ED8AC009002FA /* SceneDelegate.swift */ = {isa = PBXFileReference; lastKnownFileType = sourcecode.swift; path = SceneDelegate.swift; sourceTree = "<group>"; };
		B7260812236ED8AC009002FA /* Home.swift */ = {isa = PBXFileReference; lastKnownFileType = sourcecode.swift; path = Home.swift; sourceTree = "<group>"; };
		B7260814236ED8AD009002FA /* Assets.xcassets */ = {isa = PBXFileReference; lastKnownFileType = folder.assetcatalog; path = Assets.xcassets; sourceTree = "<group>"; };
		B7260817236ED8AD009002FA /* Preview Assets.xcassets */ = {isa = PBXFileReference; lastKnownFileType = folder.assetcatalog; path = "Preview Assets.xcassets"; sourceTree = "<group>"; };
		B726081A236ED8AD009002FA /* Base */ = {isa = PBXFileReference; lastKnownFileType = file.storyboard; name = Base; path = Base.lproj/LaunchScreen.storyboard; sourceTree = "<group>"; };
		B726081C236ED8AD009002FA /* Info.plist */ = {isa = PBXFileReference; lastKnownFileType = text.plist.xml; path = Info.plist; sourceTree = "<group>"; };
		B7260821236ED8AD009002FA /* CoffeeAppTests.xctest */ = {isa = PBXFileReference; explicitFileType = wrapper.cfbundle; includeInIndex = 0; path = CoffeeAppTests.xctest; sourceTree = BUILT_PRODUCTS_DIR; };
		B7260825236ED8AD009002FA /* CoffeeAppTests.swift */ = {isa = PBXFileReference; lastKnownFileType = sourcecode.swift; path = CoffeeAppTests.swift; sourceTree = "<group>"; };
		B7260827236ED8AD009002FA /* Info.plist */ = {isa = PBXFileReference; lastKnownFileType = text.plist.xml; path = Info.plist; sourceTree = "<group>"; };
		B726082C236ED8AD009002FA /* CoffeeAppUITests.xctest */ = {isa = PBXFileReference; explicitFileType = wrapper.cfbundle; includeInIndex = 0; path = CoffeeAppUITests.xctest; sourceTree = BUILT_PRODUCTS_DIR; };
		B7260830236ED8AD009002FA /* CoffeeAppUITests.swift */ = {isa = PBXFileReference; lastKnownFileType = sourcecode.swift; path = CoffeeAppUITests.swift; sourceTree = "<group>"; };
		B7260832236ED8AD009002FA /* Info.plist */ = {isa = PBXFileReference; lastKnownFileType = text.plist.xml; path = Info.plist; sourceTree = "<group>"; };
		B726083E236ED8FE009002FA /* drinks.json */ = {isa = PBXFileReference; lastKnownFileType = text.json; path = drinks.json; sourceTree = "<group>"; };
		B7260840236EDDF2009002FA /* Data.swift */ = {isa = PBXFileReference; lastKnownFileType = sourcecode.swift; path = Data.swift; sourceTree = "<group>"; };
		B7260842236EDFF9009002FA /* Drink.swift */ = {isa = PBXFileReference; lastKnownFileType = sourcecode.swift; path = Drink.swift; sourceTree = "<group>"; };
		B7260844236EE147009002FA /* DrinkItem.swift */ = {isa = PBXFileReference; lastKnownFileType = sourcecode.swift; path = DrinkItem.swift; sourceTree = "<group>"; };
/* End PBXFileReference section */

/* Begin PBXFrameworksBuildPhase section */
		B7260808236ED8AC009002FA /* Frameworks */ = {
			isa = PBXFrameworksBuildPhase;
			buildActionMask = 2147483647;
			files = (
			);
			runOnlyForDeploymentPostprocessing = 0;
		};
		B726081E236ED8AD009002FA /* Frameworks */ = {
			isa = PBXFrameworksBuildPhase;
			buildActionMask = 2147483647;
			files = (
			);
			runOnlyForDeploymentPostprocessing = 0;
		};
		B7260829236ED8AD009002FA /* Frameworks */ = {
			isa = PBXFrameworksBuildPhase;
			buildActionMask = 2147483647;
			files = (
			);
			runOnlyForDeploymentPostprocessing = 0;
		};
/* End PBXFrameworksBuildPhase section */

/* Begin PBXGroup section */
		B7223372236EF8980028F5E1 /* Views */ = {
			isa = PBXGroup;
			children = (
				B7260812236ED8AC009002FA /* Home.swift */,
				B7260844236EE147009002FA /* DrinkItem.swift */,
				B722336E236EE6D70028F5E1 /* DrinkRow.swift */,
				B7223370236EF2CA0028F5E1 /* DrinkDetail.swift */,
			);
			path = Views;
			sourceTree = "<group>";
		};
		B7223373236EF8AC0028F5E1 /* Model */ = {
			isa = PBXGroup;
			children = (
				B7260840236EDDF2009002FA /* Data.swift */,
				B7260842236EDFF9009002FA /* Drink.swift */,
			);
			path = Model;
			sourceTree = "<group>";
		};
		B7260802236ED8AC009002FA = {
			isa = PBXGroup;
			children = (
				B726080D236ED8AC009002FA /* CoffeeApp */,
				B7260824236ED8AD009002FA /* CoffeeAppTests */,
				B726082F236ED8AD009002FA /* CoffeeAppUITests */,
				B726080C236ED8AC009002FA /* Products */,
			);
			sourceTree = "<group>";
		};
		B726080C236ED8AC009002FA /* Products */ = {
			isa = PBXGroup;
			children = (
				B726080B236ED8AC009002FA /* CoffeeApp.app */,
				B7260821236ED8AD009002FA /* CoffeeAppTests.xctest */,
				B726082C236ED8AD009002FA /* CoffeeAppUITests.xctest */,
			);
			name = Products;
			sourceTree = "<group>";
		};
		B726080D236ED8AC009002FA /* CoffeeApp */ = {
			isa = PBXGroup;
			children = (
				B726080E236ED8AC009002FA /* AppDelegate.swift */,
				B7260810236ED8AC009002FA /* SceneDelegate.swift */,
				B7223372236EF8980028F5E1 /* Views */,
				B7260814236ED8AD009002FA /* Assets.xcassets */,
				B7260819236ED8AD009002FA /* LaunchScreen.storyboard */,
				B726081C236ED8AD009002FA /* Info.plist */,
				B7260816236ED8AD009002FA /* Preview Content */,
				B726083E236ED8FE009002FA /* drinks.json */,
				B7223373236EF8AC0028F5E1 /* Model */,
			);
			path = CoffeeApp;
			sourceTree = "<group>";
		};
		B7260816236ED8AD009002FA /* Preview Content */ = {
			isa = PBXGroup;
			children = (
				B7260817236ED8AD009002FA /* Preview Assets.xcassets */,
			);
			path = "Preview Content";
			sourceTree = "<group>";
		};
		B7260824236ED8AD009002FA /* CoffeeAppTests */ = {
			isa = PBXGroup;
			children = (
				B7260825236ED8AD009002FA /* CoffeeAppTests.swift */,
				B7260827236ED8AD009002FA /* Info.plist */,
			);
			path = CoffeeAppTests;
			sourceTree = "<group>";
		};
		B726082F236ED8AD009002FA /* CoffeeAppUITests */ = {
			isa = PBXGroup;
			children = (
				B7260830236ED8AD009002FA /* CoffeeAppUITests.swift */,
				B7260832236ED8AD009002FA /* Info.plist */,
			);
			path = CoffeeAppUITests;
			sourceTree = "<group>";
		};
/* End PBXGroup section */

/* Begin PBXNativeTarget section */
		B726080A236ED8AC009002FA /* CoffeeApp */ = {
			isa = PBXNativeTarget;
			buildConfigurationList = B7260835236ED8AD009002FA /* Build configuration list for PBXNativeTarget "CoffeeApp" */;
			buildPhases = (
				B7260807236ED8AC009002FA /* Sources */,
				B7260808236ED8AC009002FA /* Frameworks */,
				B7260809236ED8AC009002FA /* Resources */,
			);
			buildRules = (
			);
			dependencies = (
			);
			name = CoffeeApp;
			productName = CoffeeApp;
			productReference = B726080B236ED8AC009002FA /* CoffeeApp.app */;
			productType = "com.apple.product-type.application";
		};
		B7260820236ED8AD009002FA /* CoffeeAppTests */ = {
			isa = PBXNativeTarget;
			buildConfigurationList = B7260838236ED8AD009002FA /* Build configuration list for PBXNativeTarget "CoffeeAppTests" */;
			buildPhases = (
				B726081D236ED8AD009002FA /* Sources */,
				B726081E236ED8AD009002FA /* Frameworks */,
				B726081F236ED8AD009002FA /* Resources */,
			);
			buildRules = (
			);
			dependencies = (
				B7260823236ED8AD009002FA /* PBXTargetDependency */,
			);
			name = CoffeeAppTests;
			productName = CoffeeAppTests;
			productReference = B7260821236ED8AD009002FA /* CoffeeAppTests.xctest */;
			productType = "com.apple.product-type.bundle.unit-test";
		};
		B726082B236ED8AD009002FA /* CoffeeAppUITests */ = {
			isa = PBXNativeTarget;
			buildConfigurationList = B726083B236ED8AD009002FA /* Build configuration list for PBXNativeTarget "CoffeeAppUITests" */;
			buildPhases = (
				B7260828236ED8AD009002FA /* Sources */,
				B7260829236ED8AD009002FA /* Frameworks */,
				B726082A236ED8AD009002FA /* Resources */,
			);
			buildRules = (
			);
			dependencies = (
				B726082E236ED8AD009002FA /* PBXTargetDependency */,
			);
			name = CoffeeAppUITests;
			productName = CoffeeAppUITests;
			productReference = B726082C236ED8AD009002FA /* CoffeeAppUITests.xctest */;
			productType = "com.apple.product-type.bundle.ui-testing";
		};
/* End PBXNativeTarget section */

/* Begin PBXProject section */
		B7260803236ED8AC009002FA /* Project object */ = {
			isa = PBXProject;
			attributes = {
				LastSwiftUpdateCheck = 1110;
				LastUpgradeCheck = 1110;
				ORGANIZATIONNAME = "Martin Humlund Clausen";
				TargetAttributes = {
					B726080A236ED8AC009002FA = {
						CreatedOnToolsVersion = 11.1;
					};
					B7260820236ED8AD009002FA = {
						CreatedOnToolsVersion = 11.1;
						TestTargetID = B726080A236ED8AC009002FA;
					};
					B726082B236ED8AD009002FA = {
						CreatedOnToolsVersion = 11.1;
						TestTargetID = B726080A236ED8AC009002FA;
					};
				};
			};
			buildConfigurationList = B7260806236ED8AC009002FA /* Build configuration list for PBXProject "CoffeeApp" */;
			compatibilityVersion = "Xcode 9.3";
			developmentRegion = en;
			hasScannedForEncodings = 0;
			knownRegions = (
				en,
				Base,
			);
			mainGroup = B7260802236ED8AC009002FA;
			productRefGroup = B726080C236ED8AC009002FA /* Products */;
			projectDirPath = "";
			projectRoot = "";
			targets = (
				B726080A236ED8AC009002FA /* CoffeeApp */,
				B7260820236ED8AD009002FA /* CoffeeAppTests */,
				B726082B236ED8AD009002FA /* CoffeeAppUITests */,
			);
		};
/* End PBXProject section */

/* Begin PBXResourcesBuildPhase section */
		B7260809236ED8AC009002FA /* Resources */ = {
			isa = PBXResourcesBuildPhase;
			buildActionMask = 2147483647;
			files = (
				B726081B236ED8AD009002FA /* LaunchScreen.storyboard in Resources */,
				B7260818236ED8AD009002FA /* Preview Assets.xcassets in Resources */,
				B726083F236ED8FE009002FA /* drinks.json in Resources */,
				B7260815236ED8AD009002FA /* Assets.xcassets in Resources */,
			);
			runOnlyForDeploymentPostprocessing = 0;
		};
		B726081F236ED8AD009002FA /* Resources */ = {
			isa = PBXResourcesBuildPhase;
			buildActionMask = 2147483647;
			files = (
			);
			runOnlyForDeploymentPostprocessing = 0;
		};
		B726082A236ED8AD009002FA /* Resources */ = {
			isa = PBXResourcesBuildPhase;
			buildActionMask = 2147483647;
			files = (
			);
			runOnlyForDeploymentPostprocessing = 0;
		};
/* End PBXResourcesBuildPhase section */

/* Begin PBXSourcesBuildPhase section */
		B7260807236ED8AC009002FA /* Sources */ = {
			isa = PBXSourcesBuildPhase;
			buildActionMask = 2147483647;
			files = (
				B726080F236ED8AC009002FA /* AppDelegate.swift in Sources */,
				B7260811236ED8AC009002FA /* SceneDelegate.swift in Sources */,
				B722336F236EE6D70028F5E1 /* DrinkRow.swift in Sources */,
				B7260813236ED8AC009002FA /* Home.swift in Sources */,
				B7260843236EDFF9009002FA /* Drink.swift in Sources */,
				B7260841236EDDF2009002FA /* Data.swift in Sources */,
				B7260845236EE147009002FA /* DrinkItem.swift in Sources */,
				B7223371236EF2CA0028F5E1 /* DrinkDetail.swift in Sources */,
			);
			runOnlyForDeploymentPostprocessing = 0;
		};
		B726081D236ED8AD009002FA /* Sources */ = {
			isa = PBXSourcesBuildPhase;
			buildActionMask = 2147483647;
			files = (
				B7260826236ED8AD009002FA /* CoffeeAppTests.swift in Sources */,
			);
			runOnlyForDeploymentPostprocessing = 0;
		};
		B7260828236ED8AD009002FA /* Sources */ = {
			isa = PBXSourcesBuildPhase;
			buildActionMask = 2147483647;
			files = (
				B7260831236ED8AD009002FA /* CoffeeAppUITests.swift in Sources */,
			);
			runOnlyForDeploymentPostprocessing = 0;
		};
/* End PBXSourcesBuildPhase section */

/* Begin PBXTargetDependency section */
		B7260823236ED8AD009002FA /* PBXTargetDependency */ = {
			isa = PBXTargetDependency;
			target = B726080A236ED8AC009002FA /* CoffeeApp */;
			targetProxy = B7260822236ED8AD009002FA /* PBXContainerItemProxy */;
		};
		B726082E236ED8AD009002FA /* PBXTargetDependency */ = {
			isa = PBXTargetDependency;
			target = B726080A236ED8AC009002FA /* CoffeeApp */;
			targetProxy = B726082D236ED8AD009002FA /* PBXContainerItemProxy */;
		};
/* End PBXTargetDependency section */

/* Begin PBXVariantGroup section */
		B7260819236ED8AD009002FA /* LaunchScreen.storyboard */ = {
			isa = PBXVariantGroup;
			children = (
				B726081A236ED8AD009002FA /* Base */,
			);
			name = LaunchScreen.storyboard;
			sourceTree = "<group>";
		};
/* End PBXVariantGroup section */

/* Begin XCBuildConfiguration section */
		B7260833236ED8AD009002FA /* Debug */ = {
			isa = XCBuildConfiguration;
			buildSettings = {
				ALWAYS_SEARCH_USER_PATHS = NO;
				CLANG_ANALYZER_NONNULL = YES;
				CLANG_ANALYZER_NUMBER_OBJECT_CONVERSION = YES_AGGRESSIVE;
				CLANG_CXX_LANGUAGE_STANDARD = "gnu++14";
				CLANG_CXX_LIBRARY = "libc++";
				CLANG_ENABLE_MODULES = YES;
				CLANG_ENABLE_OBJC_ARC = YES;
				CLANG_ENABLE_OBJC_WEAK = YES;
				CLANG_WARN_BLOCK_CAPTURE_AUTORELEASING = YES;
				CLANG_WARN_BOOL_CONVERSION = YES;
				CLANG_WARN_COMMA = YES;
				CLANG_WARN_CONSTANT_CONVERSION = YES;
				CLANG_WARN_DEPRECATED_OBJC_IMPLEMENTATIONS = YES;
				CLANG_WARN_DIRECT_OBJC_ISA_USAGE = YES_ERROR;
				CLANG_WARN_DOCUMENTATION_COMMENTS = YES;
				CLANG_WARN_EMPTY_BODY = YES;
				CLANG_WARN_ENUM_CONVERSION = YES;
				CLANG_WARN_INFINITE_RECURSION = YES;
				CLANG_WARN_INT_CONVERSION = YES;
				CLANG_WARN_NON_LITERAL_NULL_CONVERSION = YES;
				CLANG_WARN_OBJC_IMPLICIT_RETAIN_SELF = YES;
				CLANG_WARN_OBJC_LITERAL_CONVERSION = YES;
				CLANG_WARN_OBJC_ROOT_CLASS = YES_ERROR;
				CLANG_WARN_RANGE_LOOP_ANALYSIS = YES;
				CLANG_WARN_STRICT_PROTOTYPES = YES;
				CLANG_WARN_SUSPICIOUS_MOVE = YES;
				CLANG_WARN_UNGUARDED_AVAILABILITY = YES_AGGRESSIVE;
				CLANG_WARN_UNREACHABLE_CODE = YES;
				CLANG_WARN__DUPLICATE_METHOD_MATCH = YES;
				COPY_PHASE_STRIP = NO;
				DEBUG_INFORMATION_FORMAT = dwarf;
				ENABLE_STRICT_OBJC_MSGSEND = YES;
				ENABLE_TESTABILITY = YES;
				GCC_C_LANGUAGE_STANDARD = gnu11;
				GCC_DYNAMIC_NO_PIC = NO;
				GCC_NO_COMMON_BLOCKS = YES;
				GCC_OPTIMIZATION_LEVEL = 0;
				GCC_PREPROCESSOR_DEFINITIONS = (
					"DEBUG=1",
					"$(inherited)",
				);
				GCC_WARN_64_TO_32_BIT_CONVERSION = YES;
				GCC_WARN_ABOUT_RETURN_TYPE = YES_ERROR;
				GCC_WARN_UNDECLARED_SELECTOR = YES;
				GCC_WARN_UNINITIALIZED_AUTOS = YES_AGGRESSIVE;
				GCC_WARN_UNUSED_FUNCTION = YES;
				GCC_WARN_UNUSED_VARIABLE = YES;
				IPHONEOS_DEPLOYMENT_TARGET = 13.1;
				MTL_ENABLE_DEBUG_INFO = INCLUDE_SOURCE;
				MTL_FAST_MATH = YES;
				ONLY_ACTIVE_ARCH = YES;
				SDKROOT = iphoneos;
				SWIFT_ACTIVE_COMPILATION_CONDITIONS = DEBUG;
				SWIFT_OPTIMIZATION_LEVEL = "-Onone";
			};
			name = Debug;
		};
		B7260834236ED8AD009002FA /* Release */ = {
			isa = XCBuildConfiguration;
			buildSettings = {
				ALWAYS_SEARCH_USER_PATHS = NO;
				CLANG_ANALYZER_NONNULL = YES;
				CLANG_ANALYZER_NUMBER_OBJECT_CONVERSION = YES_AGGRESSIVE;
				CLANG_CXX_LANGUAGE_STANDARD = "gnu++14";
				CLANG_CXX_LIBRARY = "libc++";
				CLANG_ENABLE_MODULES = YES;
				CLANG_ENABLE_OBJC_ARC = YES;
				CLANG_ENABLE_OBJC_WEAK = YES;
				CLANG_WARN_BLOCK_CAPTURE_AUTORELEASING = YES;
				CLANG_WARN_BOOL_CONVERSION = YES;
				CLANG_WARN_COMMA = YES;
				CLANG_WARN_CONSTANT_CONVERSION = YES;
				CLANG_WARN_DEPRECATED_OBJC_IMPLEMENTATIONS = YES;
				CLANG_WARN_DIRECT_OBJC_ISA_USAGE = YES_ERROR;
				CLANG_WARN_DOCUMENTATION_COMMENTS = YES;
				CLANG_WARN_EMPTY_BODY = YES;
				CLANG_WARN_ENUM_CONVERSION = YES;
				CLANG_WARN_INFINITE_RECURSION = YES;
				CLANG_WARN_INT_CONVERSION = YES;
				CLANG_WARN_NON_LITERAL_NULL_CONVERSION = YES;
				CLANG_WARN_OBJC_IMPLICIT_RETAIN_SELF = YES;
				CLANG_WARN_OBJC_LITERAL_CONVERSION = YES;
				CLANG_WARN_OBJC_ROOT_CLASS = YES_ERROR;
				CLANG_WARN_RANGE_LOOP_ANALYSIS = YES;
				CLANG_WARN_STRICT_PROTOTYPES = YES;
				CLANG_WARN_SUSPICIOUS_MOVE = YES;
				CLANG_WARN_UNGUARDED_AVAILABILITY = YES_AGGRESSIVE;
				CLANG_WARN_UNREACHABLE_CODE = YES;
				CLANG_WARN__DUPLICATE_METHOD_MATCH = YES;
				COPY_PHASE_STRIP = NO;
				DEBUG_INFORMATION_FORMAT = "dwarf-with-dsym";
				ENABLE_NS_ASSERTIONS = NO;
				ENABLE_STRICT_OBJC_MSGSEND = YES;
				GCC_C_LANGUAGE_STANDARD = gnu11;
				GCC_NO_COMMON_BLOCKS = YES;
				GCC_WARN_64_TO_32_BIT_CONVERSION = YES;
				GCC_WARN_ABOUT_RETURN_TYPE = YES_ERROR;
				GCC_WARN_UNDECLARED_SELECTOR = YES;
				GCC_WARN_UNINITIALIZED_AUTOS = YES_AGGRESSIVE;
				GCC_WARN_UNUSED_FUNCTION = YES;
				GCC_WARN_UNUSED_VARIABLE = YES;
				IPHONEOS_DEPLOYMENT_TARGET = 13.1;
				MTL_ENABLE_DEBUG_INFO = NO;
				MTL_FAST_MATH = YES;
				SDKROOT = iphoneos;
				SWIFT_COMPILATION_MODE = wholemodule;
				SWIFT_OPTIMIZATION_LEVEL = "-O";
				VALIDATE_PRODUCT = YES;
			};
			name = Release;
		};
		B7260836236ED8AD009002FA /* Debug */ = {
			isa = XCBuildConfiguration;
			buildSettings = {
				ASSETCATALOG_COMPILER_APPICON_NAME = AppIcon;
				CODE_SIGN_STYLE = Automatic;
				DEVELOPMENT_ASSET_PATHS = "\"CoffeeApp/Preview Content\"";
				ENABLE_PREVIEWS = YES;
				INFOPLIST_FILE = CoffeeApp/Info.plist;
				LD_RUNPATH_SEARCH_PATHS = (
					"$(inherited)",
					"@executable_path/Frameworks",
				);
				PRODUCT_BUNDLE_IDENTIFIER = "Tropical-Code.CoffeeApp";
				PRODUCT_NAME = "$(TARGET_NAME)";
				SWIFT_VERSION = 5.0;
				TARGETED_DEVICE_FAMILY = "1,2";
			};
			name = Debug;
		};
		B7260837236ED8AD009002FA /* Release */ = {
			isa = XCBuildConfiguration;
			buildSettings = {
				ASSETCATALOG_COMPILER_APPICON_NAME = AppIcon;
				CODE_SIGN_STYLE = Automatic;
				DEVELOPMENT_ASSET_PATHS = "\"CoffeeApp/Preview Content\"";
				ENABLE_PREVIEWS = YES;
				INFOPLIST_FILE = CoffeeApp/Info.plist;
				LD_RUNPATH_SEARCH_PATHS = (
					"$(inherited)",
					"@executable_path/Frameworks",
				);
				PRODUCT_BUNDLE_IDENTIFIER = "Tropical-Code.CoffeeApp";
				PRODUCT_NAME = "$(TARGET_NAME)";
				SWIFT_VERSION = 5.0;
				TARGETED_DEVICE_FAMILY = "1,2";
			};
			name = Release;
		};
		B7260839236ED8AD009002FA /* Debug */ = {
			isa = XCBuildConfiguration;
			buildSettings = {
				ALWAYS_EMBED_SWIFT_STANDARD_LIBRARIES = YES;
				BUNDLE_LOADER = "$(TEST_HOST)";
				CODE_SIGN_STYLE = Automatic;
				INFOPLIST_FILE = CoffeeAppTests/Info.plist;
				IPHONEOS_DEPLOYMENT_TARGET = 13.1;
				LD_RUNPATH_SEARCH_PATHS = (
					"$(inherited)",
					"@executable_path/Frameworks",
					"@loader_path/Frameworks",
				);
				PRODUCT_BUNDLE_IDENTIFIER = "Tropical-Code.CoffeeAppTests";
				PRODUCT_NAME = "$(TARGET_NAME)";
				SWIFT_VERSION = 5.0;
				TARGETED_DEVICE_FAMILY = "1,2";
				TEST_HOST = "$(BUILT_PRODUCTS_DIR)/CoffeeApp.app/CoffeeApp";
			};
			name = Debug;
		};
		B726083A236ED8AD009002FA /* Release */ = {
			isa = XCBuildConfiguration;
			buildSettings = {
				ALWAYS_EMBED_SWIFT_STANDARD_LIBRARIES = YES;
				BUNDLE_LOADER = "$(TEST_HOST)";
				CODE_SIGN_STYLE = Automatic;
				INFOPLIST_FILE = CoffeeAppTests/Info.plist;
				IPHONEOS_DEPLOYMENT_TARGET = 13.1;
				LD_RUNPATH_SEARCH_PATHS = (
					"$(inherited)",
					"@executable_path/Frameworks",
					"@loader_path/Frameworks",
				);
				PRODUCT_BUNDLE_IDENTIFIER = "Tropical-Code.CoffeeAppTests";
				PRODUCT_NAME = "$(TARGET_NAME)";
				SWIFT_VERSION = 5.0;
				TARGETED_DEVICE_FAMILY = "1,2";
				TEST_HOST = "$(BUILT_PRODUCTS_DIR)/CoffeeApp.app/CoffeeApp";
			};
			name = Release;
		};
		B726083C236ED8AD009002FA /* Debug */ = {
			isa = XCBuildConfiguration;
			buildSettings = {
				ALWAYS_EMBED_SWIFT_STANDARD_LIBRARIES = YES;
				CODE_SIGN_STYLE = Automatic;
				INFOPLIST_FILE = CoffeeAppUITests/Info.plist;
				LD_RUNPATH_SEARCH_PATHS = (
					"$(inherited)",
					"@executable_path/Frameworks",
					"@loader_path/Frameworks",
				);
				PRODUCT_BUNDLE_IDENTIFIER = "Tropical-Code.CoffeeAppUITests";
				PRODUCT_NAME = "$(TARGET_NAME)";
				SWIFT_VERSION = 5.0;
				TARGETED_DEVICE_FAMILY = "1,2";
				TEST_TARGET_NAME = CoffeeApp;
			};
			name = Debug;
		};
		B726083D236ED8AD009002FA /* Release */ = {
			isa = XCBuildConfiguration;
			buildSettings = {
				ALWAYS_EMBED_SWIFT_STANDARD_LIBRARIES = YES;
				CODE_SIGN_STYLE = Automatic;
				INFOPLIST_FILE = CoffeeAppUITests/Info.plist;
				LD_RUNPATH_SEARCH_PATHS = (
					"$(inherited)",
					"@executable_path/Frameworks",
					"@loader_path/Frameworks",
				);
				PRODUCT_BUNDLE_IDENTIFIER = "Tropical-Code.CoffeeAppUITests";
				PRODUCT_NAME = "$(TARGET_NAME)";
				SWIFT_VERSION = 5.0;
				TARGETED_DEVICE_FAMILY = "1,2";
				TEST_TARGET_NAME = CoffeeApp;
			};
			name = Release;
		};
/* End XCBuildConfiguration section */

/* Begin XCConfigurationList section */
		B7260806236ED8AC009002FA /* Build configuration list for PBXProject "CoffeeApp" */ = {
			isa = XCConfigurationList;
			buildConfigurations = (
				B7260833236ED8AD009002FA /* Debug */,
				B7260834236ED8AD009002FA /* Release */,
			);
			defaultConfigurationIsVisible = 0;
			defaultConfigurationName = Release;
		};
		B7260835236ED8AD009002FA /* Build configuration list for PBXNativeTarget "CoffeeApp" */ = {
			isa = XCConfigurationList;
			buildConfigurations = (
				B7260836236ED8AD009002FA /* Debug */,
				B7260837236ED8AD009002FA /* Release */,
			);
			defaultConfigurationIsVisible = 0;
			defaultConfigurationName = Release;
		};
		B7260838236ED8AD009002FA /* Build configuration list for PBXNativeTarget "CoffeeAppTests" */ = {
			isa = XCConfigurationList;
			buildConfigurations = (
				B7260839236ED8AD009002FA /* Debug */,
				B726083A236ED8AD009002FA /* Release */,
			);
			defaultConfigurationIsVisible = 0;
			defaultConfigurationName = Release;
		};
		B726083B236ED8AD009002FA /* Build configuration list for PBXNativeTarget "CoffeeAppUITests" */ = {
			isa = XCConfigurationList;
			buildConfigurations = (
				B726083C236ED8AD009002FA /* Debug */,
				B726083D236ED8AD009002FA /* Release */,
			);
			defaultConfigurationIsVisible = 0;
			defaultConfigurationName = Release;
		};
/* End XCConfigurationList section */
	};
	rootObject = B7260803236ED8AC009002FA /* Project object */;
}
